
Microsoft Visual Studio Solution File, Format Version 12.00
# Visual Studio 15
VisualStudioVersion = 15.0.28307.572
MinimumVisualStudioVersion = 10.0.40219.1
Project("{8BC9CEB8-8B4A-11D0-8D11-00A0C91BC942}") = "dnsclient", "dnsclient.vcxproj", "{9439F85D-B8D6-4EB3-8B93-8B40BF2364F5}"
EndProject
Global
	GlobalSection(SolutionConfigurationPlatforms) = preSolution
		Debug|x64 = Debug|x64
		Debug|x86 = Debug|x86
		Release|x64 = Release|x64
		Release|x86 = Release|x86
	EndGlobalSection
	GlobalSection(ProjectConfigurationPlatforms) = postSolution
		{9439F85D-B8D6-4EB3-8B93-8B40BF2364F5}.Debug|x64.ActiveCfg = Debug|x64
		{9439F85D-B8D6-4EB3-8B93-8B40BF2364F5}.Debug|x64.Build.0 = Debug|x64
		{9439F85D-B8D6-4EB3-8B93-8B40BF2364F5}.Debug|x86.ActiveCfg = Debug|Win32
		{9439F85D-B8D6-4EB3-8B93-8B40BF2364F5}.Debug|x86.Build.0 = Debug|Win32
		{9439F85D-B8D6-4EB3-8B93-8B40BF2364F5}.Release|x64.ActiveCfg = Release|x64
		{9439F85D-B8D6-4EB3-8B93-8B40BF2364F5}.Release|x64.Build.0 = Release|x64
		{9439F85D-B8D6-4EB3-8B93-8B40BF2364F5}.Release|x86.ActiveCfg = Release|Win32
		{9439F85D-B8D6-4EB3-8B93-8B40BF2364F5}.Release|x86.Build.0 = Release|Win32
	EndGlobalSection
	GlobalSection(SolutionProperties) = preSolution
		HideSolutionNode = FALSE
	EndGlobalSection
	GlobalSection(ExtensibilityGlobals) = postSolution
		SolutionGuid = {E2D84E80-8490-4F8A-9BA5-4C895C36883B}
	EndGlobalSection
EndGlobal
